
Microsoft Visual Studio Solution File, Format Version 12.00
# Visual Studio 15
VisualStudioVersion = 15.0.27004.2002
MinimumVisualStudioVersion = 10.0.40219.1
Project("{FAE04EC0-301F-11D3-BF4B-00C04F79EFBC}") = "OrleansTest1.Silo", "OrleansTest1.Silo\OrleansTest1.Silo.csproj", "{5A0EC7FF-EE96-49A5-B91E-B5D3671896E9}"
EndProject
Project("{FAE04EC0-301F-11D3-BF4B-00C04F79EFBC}") = "OrleansTest1.GrainInterfaces1", "OrleansTest1.GrainInterfaces1\OrleansTest1.GrainInterfaces1.csproj", "{C911D5B5-7DFF-4553-BD12-ED7877012214}"
EndProject
Project("{FAE04EC0-301F-11D3-BF4B-00C04F79EFBC}") = "OrleansTest1.Grains1", "OrleansTest1.Grains1\OrleansTest1.Grains1.csproj", "{9A22C390-0C13-4E21-A509-A96A235776A0}"
EndProject
Project("{9A19103F-16F7-4668-BE54-9A1E7A4F7556}") = "OrleansTest1.WebApi", "OrleansTest1.WebApi\OrleansTest1.WebApi.csproj", "{34E76507-0D93-4F86-BF17-8B841B23F551}"
EndProject
Project("{FAE04EC0-301F-11D3-BF4B-00C04F79EFBC}") = "OrleansTest1.WebApi1", "OrleansTest1.WebApi1\OrleansTest1.WebApi1.csproj", "{55919647-9062-4E75-BDD0-80A133430E12}"
EndProject
Global
	GlobalSection(SolutionConfigurationPlatforms) = preSolution
		Debug|Any CPU = Debug|Any CPU
		Release|Any CPU = Release|Any CPU
	EndGlobalSection
	GlobalSection(ProjectConfigurationPlatforms) = postSolution
		{5A0EC7FF-EE96-49A5-B91E-B5D3671896E9}.Debug|Any CPU.ActiveCfg = Debug|Any CPU
		{5A0EC7FF-EE96-49A5-B91E-B5D3671896E9}.Debug|Any CPU.Build.0 = Debug|Any CPU
		{5A0EC7FF-EE96-49A5-B91E-B5D3671896E9}.Release|Any CPU.ActiveCfg = Release|Any CPU
		{5A0EC7FF-EE96-49A5-B91E-B5D3671896E9}.Release|Any CPU.Build.0 = Release|Any CPU
		{C911D5B5-7DFF-4553-BD12-ED7877012214}.Debug|Any CPU.ActiveCfg = Debug|Any CPU
		{C911D5B5-7DFF-4553-BD12-ED7877012214}.Debug|Any CPU.Build.0 = Debug|Any CPU
		{C911D5B5-7DFF-4553-BD12-ED7877012214}.Release|Any CPU.ActiveCfg = Release|Any CPU
		{C911D5B5-7DFF-4553-BD12-ED7877012214}.Release|Any CPU.Build.0 = Release|Any CPU
		{9A22C390-0C13-4E21-A509-A96A235776A0}.Debug|Any CPU.ActiveCfg = Debug|Any CPU
		{9A22C390-0C13-4E21-A509-A96A235776A0}.Debug|Any CPU.Build.0 = Debug|Any CPU
		{9A22C390-0C13-4E21-A509-A96A235776A0}.Release|Any CPU.ActiveCfg = Release|Any CPU
		{9A22C390-0C13-4E21-A509-A96A235776A0}.Release|Any CPU.Build.0 = Release|Any CPU
		{34E76507-0D93-4F86-BF17-8B841B23F551}.Debug|Any CPU.ActiveCfg = Debug|Any CPU
		{34E76507-0D93-4F86-BF17-8B841B23F551}.Debug|Any CPU.Build.0 = Debug|Any CPU
		{34E76507-0D93-4F86-BF17-8B841B23F551}.Release|Any CPU.ActiveCfg = Release|Any CPU
		{34E76507-0D93-4F86-BF17-8B841B23F551}.Release|Any CPU.Build.0 = Release|Any CPU
		{55919647-9062-4E75-BDD0-80A133430E12}.Debug|Any CPU.ActiveCfg = Debug|Any CPU
		{55919647-9062-4E75-BDD0-80A133430E12}.Debug|Any CPU.Build.0 = Debug|Any CPU
		{55919647-9062-4E75-BDD0-80A133430E12}.Release|Any CPU.ActiveCfg = Release|Any CPU
		{55919647-9062-4E75-BDD0-80A133430E12}.Release|Any CPU.Build.0 = Release|Any CPU
	EndGlobalSection
	GlobalSection(SolutionProperties) = preSolution
		HideSolutionNode = FALSE
	EndGlobalSection
	GlobalSection(ExtensibilityGlobals) = postSolution
		SolutionGuid = {7E8AB912-C853-4683-9562-F655FAA13103}
	EndGlobalSection
EndGlobal
